// !$*UTF8*$!
{
	archiveVersion = 1;
	classes = {
	};
	objectVersion = 46;
	objects = {

/* Begin PBXBuildFile section */
		033FDB711F0D4F3F00EEA7B0 /* Places.swift in Sources */ = {isa = PBXBuildFile; fileRef = 033FDB701F0D4F3F00EEA7B0 /* Places.swift */; };
		033FDB731F0D500200EEA7B0 /* PlacesTests.swift in Sources */ = {isa = PBXBuildFile; fileRef = 033FDB721F0D500200EEA7B0 /* PlacesTests.swift */; };
		033FDB7A1F0D6B9600EEA7B0 /* AlamofireImplementations.swift in Sources */ = {isa = PBXBuildFile; fileRef = 033FDB761F0D6B9600EEA7B0 /* AlamofireImplementations.swift */; };
		033FDB7B1F0D6B9600EEA7B0 /* APIHelper.swift in Sources */ = {isa = PBXBuildFile; fileRef = 033FDB771F0D6B9600EEA7B0 /* APIHelper.swift */; };
		033FDB7C1F0D6B9600EEA7B0 /* APIs.swift in Sources */ = {isa = PBXBuildFile; fileRef = 033FDB781F0D6B9600EEA7B0 /* APIs.swift */; };
		033FDB7D1F0D6B9600EEA7B0 /* PlacesAPI.swift in Sources */ = {isa = PBXBuildFile; fileRef = 033FDB791F0D6B9600EEA7B0 /* PlacesAPI.swift */; };
		033FDB851F0D6B9F00EEA7B0 /* Geometry.swift in Sources */ = {isa = PBXBuildFile; fileRef = 033FDB7F1F0D6B9F00EEA7B0 /* Geometry.swift */; };
		033FDB861F0D6B9F00EEA7B0 /* Location.swift in Sources */ = {isa = PBXBuildFile; fileRef = 033FDB801F0D6B9F00EEA7B0 /* Location.swift */; };
		033FDB871F0D6B9F00EEA7B0 /* Models.swift in Sources */ = {isa = PBXBuildFile; fileRef = 033FDB811F0D6B9F00EEA7B0 /* Models.swift */; };
		033FDB881F0D6B9F00EEA7B0 /* Photo.swift in Sources */ = {isa = PBXBuildFile; fileRef = 033FDB821F0D6B9F00EEA7B0 /* Photo.swift */; };
		033FDB891F0D6B9F00EEA7B0 /* Place.swift in Sources */ = {isa = PBXBuildFile; fileRef = 033FDB831F0D6B9F00EEA7B0 /* Place.swift */; };
		033FDB8A1F0D6B9F00EEA7B0 /* ResponseApiMaps.swift in Sources */ = {isa = PBXBuildFile; fileRef = 033FDB841F0D6B9F00EEA7B0 /* ResponseApiMaps.swift */; };
		033FDB8C1F0D6BB300EEA7B0 /* Extensions.swift in Sources */ = {isa = PBXBuildFile; fileRef = 033FDB8B1F0D6BB300EEA7B0 /* Extensions.swift */; };
		033FDB8F1F0D854800EEA7B0 /* PlaceTableViewCell.swift in Sources */ = {isa = PBXBuildFile; fileRef = 033FDB8E1F0D854800EEA7B0 /* PlaceTableViewCell.swift */; };
		033FDB921F0D871A00EEA7B0 /* MapViewController.swift in Sources */ = {isa = PBXBuildFile; fileRef = 033FDB911F0D871A00EEA7B0 /* MapViewController.swift */; };
		033FDB941F0D906300EEA7B0 /* MapKit.framework in Frameworks */ = {isa = PBXBuildFile; fileRef = 033FDB931F0D906300EEA7B0 /* MapKit.framework */; };
		03F014301F0D49C30091332B /* AppDelegate.swift in Sources */ = {isa = PBXBuildFile; fileRef = 03F0142F1F0D49C30091332B /* AppDelegate.swift */; };
		03F014321F0D49C30091332B /* ViewController.swift in Sources */ = {isa = PBXBuildFile; fileRef = 03F014311F0D49C30091332B /* ViewController.swift */; };
		03F014351F0D49C30091332B /* Main.storyboard in Resources */ = {isa = PBXBuildFile; fileRef = 03F014331F0D49C30091332B /* Main.storyboard */; };
		03F014371F0D49C30091332B /* Assets.xcassets in Resources */ = {isa = PBXBuildFile; fileRef = 03F014361F0D49C30091332B /* Assets.xcassets */; };
		03F0143A1F0D49C30091332B /* LaunchScreen.storyboard in Resources */ = {isa = PBXBuildFile; fileRef = 03F014381F0D49C30091332B /* LaunchScreen.storyboard */; };
		5B9E3C8D606CAA41D1DD6EF6 /* Pods_Treinus.framework in Frameworks */ = {isa = PBXBuildFile; fileRef = 59905B5A4697420A704FD0D5 /* Pods_Treinus.framework */; };
		C3E2B610550035B0C62622B9 /* Pods_TreinusTests.framework in Frameworks */ = {isa = PBXBuildFile; fileRef = 93B363AF8B15C56E1842DEDF /* Pods_TreinusTests.framework */; };
/* End PBXBuildFile section */

/* Begin PBXContainerItemProxy section */
		03F014411F0D49C40091332B /* PBXContainerItemProxy */ = {
			isa = PBXContainerItemProxy;
			containerPortal = 03F014241F0D49C30091332B /* Project object */;
			proxyType = 1;
			remoteGlobalIDString = 03F0142B1F0D49C30091332B;
			remoteInfo = Treinus;
		};
/* End PBXContainerItemProxy section */

/* Begin PBXFileReference section */
		033FDB701F0D4F3F00EEA7B0 /* Places.swift */ = {isa = PBXFileReference; fileEncoding = 4; lastKnownFileType = sourcecode.swift; name = Places.swift; path = Bussines/Places.swift; sourceTree = "<group>"; };
		033FDB721F0D500200EEA7B0 /* PlacesTests.swift */ = {isa = PBXFileReference; fileEncoding = 4; lastKnownFileType = sourcecode.swift; name = PlacesTests.swift; path = Bussines/PlacesTests.swift; sourceTree = "<group>"; };
		033FDB761F0D6B9600EEA7B0 /* AlamofireImplementations.swift */ = {isa = PBXFileReference; fileEncoding = 4; lastKnownFileType = sourcecode.swift; path = AlamofireImplementations.swift; sourceTree = "<group>"; };
		033FDB771F0D6B9600EEA7B0 /* APIHelper.swift */ = {isa = PBXFileReference; fileEncoding = 4; lastKnownFileType = sourcecode.swift; path = APIHelper.swift; sourceTree = "<group>"; };
		033FDB781F0D6B9600EEA7B0 /* APIs.swift */ = {isa = PBXFileReference; fileEncoding = 4; lastKnownFileType = sourcecode.swift; path = APIs.swift; sourceTree = "<group>"; };
		033FDB791F0D6B9600EEA7B0 /* PlacesAPI.swift */ = {isa = PBXFileReference; fileEncoding = 4; lastKnownFileType = sourcecode.swift; path = PlacesAPI.swift; sourceTree = "<group>"; };
		033FDB7F1F0D6B9F00EEA7B0 /* Geometry.swift */ = {isa = PBXFileReference; fileEncoding = 4; lastKnownFileType = sourcecode.swift; path = Geometry.swift; sourceTree = "<group>"; };
		033FDB801F0D6B9F00EEA7B0 /* Location.swift */ = {isa = PBXFileReference; fileEncoding = 4; lastKnownFileType = sourcecode.swift; path = Location.swift; sourceTree = "<group>"; };
		033FDB811F0D6B9F00EEA7B0 /* Models.swift */ = {isa = PBXFileReference; fileEncoding = 4; lastKnownFileType = sourcecode.swift; path = Models.swift; sourceTree = "<group>"; };
		033FDB821F0D6B9F00EEA7B0 /* Photo.swift */ = {isa = PBXFileReference; fileEncoding = 4; lastKnownFileType = sourcecode.swift; path = Photo.swift; sourceTree = "<group>"; };
		033FDB831F0D6B9F00EEA7B0 /* Place.swift */ = {isa = PBXFileReference; fileEncoding = 4; lastKnownFileType = sourcecode.swift; path = Place.swift; sourceTree = "<group>"; };
		033FDB841F0D6B9F00EEA7B0 /* ResponseApiMaps.swift */ = {isa = PBXFileReference; fileEncoding = 4; lastKnownFileType = sourcecode.swift; path = ResponseApiMaps.swift; sourceTree = "<group>"; };
		033FDB8B1F0D6BB300EEA7B0 /* Extensions.swift */ = {isa = PBXFileReference; fileEncoding = 4; lastKnownFileType = sourcecode.swift; path = Extensions.swift; sourceTree = "<group>"; };
		033FDB8E1F0D854800EEA7B0 /* PlaceTableViewCell.swift */ = {isa = PBXFileReference; fileEncoding = 4; lastKnownFileType = sourcecode.swift; name = PlaceTableViewCell.swift; path = Cells/PlaceTableViewCell.swift; sourceTree = "<group>"; };
		033FDB911F0D871A00EEA7B0 /* MapViewController.swift */ = {isa = PBXFileReference; fileEncoding = 4; lastKnownFileType = sourcecode.swift; name = MapViewController.swift; path = Treinus/Controllers/MapViewController.swift; sourceTree = "<group>"; };
		033FDB931F0D906300EEA7B0 /* MapKit.framework */ = {isa = PBXFileReference; lastKnownFileType = wrapper.framework; name = MapKit.framework; path = System/Library/Frameworks/MapKit.framework; sourceTree = SDKROOT; };
		03F0142C1F0D49C30091332B /* Treinus.app */ = {isa = PBXFileReference; explicitFileType = wrapper.application; includeInIndex = 0; path = Treinus.app; sourceTree = BUILT_PRODUCTS_DIR; };
		03F0142F1F0D49C30091332B /* AppDelegate.swift */ = {isa = PBXFileReference; lastKnownFileType = sourcecode.swift; path = AppDelegate.swift; sourceTree = "<group>"; };
		03F014311F0D49C30091332B /* ViewController.swift */ = {isa = PBXFileReference; lastKnownFileType = sourcecode.swift; name = ViewController.swift; path = Treinus/ViewController.swift; sourceTree = "<group>"; };
		03F014341F0D49C30091332B /* Base */ = {isa = PBXFileReference; lastKnownFileType = file.storyboard; name = Base; path = Base.lproj/Main.storyboard; sourceTree = "<group>"; };
		03F014361F0D49C30091332B /* Assets.xcassets */ = {isa = PBXFileReference; lastKnownFileType = folder.assetcatalog; path = Assets.xcassets; sourceTree = "<group>"; };
		03F014391F0D49C30091332B /* Base */ = {isa = PBXFileReference; lastKnownFileType = file.storyboard; name = Base; path = Base.lproj/LaunchScreen.storyboard; sourceTree = "<group>"; };
		03F0143B1F0D49C30091332B /* Info.plist */ = {isa = PBXFileReference; lastKnownFileType = text.plist.xml; path = Info.plist; sourceTree = "<group>"; };
		03F014401F0D49C40091332B /* TreinusTests.xctest */ = {isa = PBXFileReference; explicitFileType = wrapper.cfbundle; includeInIndex = 0; path = TreinusTests.xctest; sourceTree = BUILT_PRODUCTS_DIR; };
		03F014461F0D49C40091332B /* Info.plist */ = {isa = PBXFileReference; lastKnownFileType = text.plist.xml; path = Info.plist; sourceTree = "<group>"; };
		27EEBD17FD347219CCD6D67B /* Pods-TreinusTests.debug.xcconfig */ = {isa = PBXFileReference; includeInIndex = 1; lastKnownFileType = text.xcconfig; name = "Pods-TreinusTests.debug.xcconfig"; path = "Pods/Target Support Files/Pods-TreinusTests/Pods-TreinusTests.debug.xcconfig"; sourceTree = "<group>"; };
		40C4DD6FB7083089021D1AAF /* Pods-TreinusTests.release.xcconfig */ = {isa = PBXFileReference; includeInIndex = 1; lastKnownFileType = text.xcconfig; name = "Pods-TreinusTests.release.xcconfig"; path = "Pods/Target Support Files/Pods-TreinusTests/Pods-TreinusTests.release.xcconfig"; sourceTree = "<group>"; };
		59905B5A4697420A704FD0D5 /* Pods_Treinus.framework */ = {isa = PBXFileReference; explicitFileType = wrapper.framework; includeInIndex = 0; path = Pods_Treinus.framework; sourceTree = BUILT_PRODUCTS_DIR; };
		86D5C1A22E9D168A5F2344D4 /* Pods-Treinus.debug.xcconfig */ = {isa = PBXFileReference; includeInIndex = 1; lastKnownFileType = text.xcconfig; name = "Pods-Treinus.debug.xcconfig"; path = "Pods/Target Support Files/Pods-Treinus/Pods-Treinus.debug.xcconfig"; sourceTree = "<group>"; };
		93B363AF8B15C56E1842DEDF /* Pods_TreinusTests.framework */ = {isa = PBXFileReference; explicitFileType = wrapper.framework; includeInIndex = 0; path = Pods_TreinusTests.framework; sourceTree = BUILT_PRODUCTS_DIR; };
		949B874832FD969C20661A8B /* Pods-Treinus.release.xcconfig */ = {isa = PBXFileReference; includeInIndex = 1; lastKnownFileType = text.xcconfig; name = "Pods-Treinus.release.xcconfig"; path = "Pods/Target Support Files/Pods-Treinus/Pods-Treinus.release.xcconfig"; sourceTree = "<group>"; };
/* End PBXFileReference section */

/* Begin PBXFrameworksBuildPhase section */
		03F014291F0D49C30091332B /* Frameworks */ = {
			isa = PBXFrameworksBuildPhase;
			buildActionMask = 2147483647;
			files = (
				033FDB941F0D906300EEA7B0 /* MapKit.framework in Frameworks */,
				5B9E3C8D606CAA41D1DD6EF6 /* Pods_Treinus.framework in Frameworks */,
			);
			runOnlyForDeploymentPostprocessing = 0;
		};
		03F0143D1F0D49C40091332B /* Frameworks */ = {
			isa = PBXFrameworksBuildPhase;
			buildActionMask = 2147483647;
			files = (
				C3E2B610550035B0C62622B9 /* Pods_TreinusTests.framework in Frameworks */,
			);
			runOnlyForDeploymentPostprocessing = 0;
		};
/* End PBXFrameworksBuildPhase section */

/* Begin PBXGroup section */
		033FDB6F1F0D4EAD00EEA7B0 /* Bussines */ = {
			isa = PBXGroup;
			children = (
				033FDB701F0D4F3F00EEA7B0 /* Places.swift */,
			);
			name = Bussines;
			sourceTree = "<group>";
		};
		033FDB741F0D500900EEA7B0 /* Bussines */ = {
			isa = PBXGroup;
			children = (
				033FDB721F0D500200EEA7B0 /* PlacesTests.swift */,
			);
			name = Bussines;
			sourceTree = "<group>";
		};
		033FDB751F0D6B9600EEA7B0 /* APIs */ = {
			isa = PBXGroup;
			children = (
				033FDB761F0D6B9600EEA7B0 /* AlamofireImplementations.swift */,
				033FDB771F0D6B9600EEA7B0 /* APIHelper.swift */,
				033FDB781F0D6B9600EEA7B0 /* APIs.swift */,
				033FDB791F0D6B9600EEA7B0 /* PlacesAPI.swift */,
			);
			path = APIs;
			sourceTree = "<group>";
		};
		033FDB7E1F0D6B9F00EEA7B0 /* Models */ = {
			isa = PBXGroup;
			children = (
				033FDB7F1F0D6B9F00EEA7B0 /* Geometry.swift */,
				033FDB801F0D6B9F00EEA7B0 /* Location.swift */,
				033FDB811F0D6B9F00EEA7B0 /* Models.swift */,
				033FDB821F0D6B9F00EEA7B0 /* Photo.swift */,
				033FDB831F0D6B9F00EEA7B0 /* Place.swift */,
				033FDB841F0D6B9F00EEA7B0 /* ResponseApiMaps.swift */,
			);
			path = Models;
			sourceTree = "<group>";
		};
		033FDB8D1F0D852400EEA7B0 /* Cells */ = {
			isa = PBXGroup;
			children = (
				033FDB8E1F0D854800EEA7B0 /* PlaceTableViewCell.swift */,
			);
			name = Cells;
			sourceTree = "<group>";
		};
		033FDB901F0D86BD00EEA7B0 /* Controllers */ = {
			isa = PBXGroup;
			children = (
				03F014311F0D49C30091332B /* ViewController.swift */,
				033FDB911F0D871A00EEA7B0 /* MapViewController.swift */,
			);
			name = Controllers;
			path = ..;
			sourceTree = "<group>";
		};
		03F014231F0D49C30091332B = {
			isa = PBXGroup;
			children = (
				03F0142E1F0D49C30091332B /* Treinus */,
				03F014431F0D49C40091332B /* TreinusTests */,
				03F0142D1F0D49C30091332B /* Products */,
				7E5F8B7FB432946FA87F098F /* Pods */,
				C14B06DD7E4DE77979F6B65E /* Frameworks */,
			);
			sourceTree = "<group>";
		};
		03F0142D1F0D49C30091332B /* Products */ = {
			isa = PBXGroup;
			children = (
				03F0142C1F0D49C30091332B /* Treinus.app */,
				03F014401F0D49C40091332B /* TreinusTests.xctest */,
			);
			name = Products;
			sourceTree = "<group>";
		};
		03F0142E1F0D49C30091332B /* Treinus */ = {
			isa = PBXGroup;
			children = (
				033FDB751F0D6B9600EEA7B0 /* APIs */,
				033FDB7E1F0D6B9F00EEA7B0 /* Models */,
				033FDB901F0D86BD00EEA7B0 /* Controllers */,
				033FDB8D1F0D852400EEA7B0 /* Cells */,
				033FDB6F1F0D4EAD00EEA7B0 /* Bussines */,
				03F0142F1F0D49C30091332B /* AppDelegate.swift */,
				033FDB8B1F0D6BB300EEA7B0 /* Extensions.swift */,
				03F014331F0D49C30091332B /* Main.storyboard */,
				03F014361F0D49C30091332B /* Assets.xcassets */,
				03F014381F0D49C30091332B /* LaunchScreen.storyboard */,
				03F0143B1F0D49C30091332B /* Info.plist */,
			);
			path = Treinus;
			sourceTree = "<group>";
		};
		03F014431F0D49C40091332B /* TreinusTests */ = {
			isa = PBXGroup;
			children = (
				03F014461F0D49C40091332B /* Info.plist */,
				033FDB741F0D500900EEA7B0 /* Bussines */,
			);
			path = TreinusTests;
			sourceTree = "<group>";
		};
		7E5F8B7FB432946FA87F098F /* Pods */ = {
			isa = PBXGroup;
			children = (
				86D5C1A22E9D168A5F2344D4 /* Pods-Treinus.debug.xcconfig */,
				949B874832FD969C20661A8B /* Pods-Treinus.release.xcconfig */,
				27EEBD17FD347219CCD6D67B /* Pods-TreinusTests.debug.xcconfig */,
				40C4DD6FB7083089021D1AAF /* Pods-TreinusTests.release.xcconfig */,
			);
			name = Pods;
			sourceTree = "<group>";
		};
		C14B06DD7E4DE77979F6B65E /* Frameworks */ = {
			isa = PBXGroup;
			children = (
				033FDB931F0D906300EEA7B0 /* MapKit.framework */,
				59905B5A4697420A704FD0D5 /* Pods_Treinus.framework */,
				93B363AF8B15C56E1842DEDF /* Pods_TreinusTests.framework */,
			);
			name = Frameworks;
			sourceTree = "<group>";
		};
/* End PBXGroup section */

/* Begin PBXNativeTarget section */
		03F0142B1F0D49C30091332B /* Treinus */ = {
			isa = PBXNativeTarget;
			buildConfigurationList = 03F014541F0D49C40091332B /* Build configuration list for PBXNativeTarget "Treinus" */;
			buildPhases = (
				C21D3495BFEE821C02A13562 /* [CP] Check Pods Manifest.lock */,
				03F014281F0D49C30091332B /* Sources */,
				03F014291F0D49C30091332B /* Frameworks */,
				03F0142A1F0D49C30091332B /* Resources */,
				8ADB321A328E2360AC8E1514 /* [CP] Embed Pods Frameworks */,
				037BF70D90E2E98E002E7611 /* [CP] Copy Pods Resources */,
			);
			buildRules = (
			);
			dependencies = (
			);
			name = Treinus;
			productName = Treinus;
			productReference = 03F0142C1F0D49C30091332B /* Treinus.app */;
			productType = "com.apple.product-type.application";
		};
		03F0143F1F0D49C40091332B /* TreinusTests */ = {
			isa = PBXNativeTarget;
			buildConfigurationList = 03F014571F0D49C40091332B /* Build configuration list for PBXNativeTarget "TreinusTests" */;
			buildPhases = (
				A904181C67DB3E153813CE6E /* [CP] Check Pods Manifest.lock */,
				03F0143C1F0D49C40091332B /* Sources */,
				03F0143D1F0D49C40091332B /* Frameworks */,
				03F0143E1F0D49C40091332B /* Resources */,
				057C119284DCD5F845135F4F /* [CP] Embed Pods Frameworks */,
				C2F2B17A720FF3DFFE82C3BD /* [CP] Copy Pods Resources */,
			);
			buildRules = (
			);
			dependencies = (
				03F014421F0D49C40091332B /* PBXTargetDependency */,
			);
			name = TreinusTests;
			productName = TreinusTests;
			productReference = 03F014401F0D49C40091332B /* TreinusTests.xctest */;
			productType = "com.apple.product-type.bundle.unit-test";
		};
/* End PBXNativeTarget section */

/* Begin PBXProject section */
		03F014241F0D49C30091332B /* Project object */ = {
			isa = PBXProject;
			attributes = {
				CLASSPREFIX = "";
				LastSwiftUpdateCheck = 0830;
				LastUpgradeCheck = 0830;
				ORGANIZATIONNAME = "Rodrigo Dias";
				TargetAttributes = {
					03F0142B1F0D49C30091332B = {
						CreatedOnToolsVersion = 8.3.2;
						DevelopmentTeam = 2Z469Q4BRB;
						ProvisioningStyle = Automatic;
					};
					03F0143F1F0D49C40091332B = {
						CreatedOnToolsVersion = 8.3.2;
						DevelopmentTeam = 2Z469Q4BRB;
						ProvisioningStyle = Automatic;
						TestTargetID = 03F0142B1F0D49C30091332B;
					};
				};
			};
			buildConfigurationList = 03F014271F0D49C30091332B /* Build configuration list for PBXProject "Treinus" */;
			compatibilityVersion = "Xcode 3.2";
			developmentRegion = English;
			hasScannedForEncodings = 0;
			knownRegions = (
				en,
				Base,
			);
			mainGroup = 03F014231F0D49C30091332B;
			productRefGroup = 03F0142D1F0D49C30091332B /* Products */;
			projectDirPath = "";
			projectRoot = "";
			targets = (
				03F0142B1F0D49C30091332B /* Treinus */,
				03F0143F1F0D49C40091332B /* TreinusTests */,
			);
		};
/* End PBXProject section */

/* Begin PBXResourcesBuildPhase section */
		03F0142A1F0D49C30091332B /* Resources */ = {
			isa = PBXResourcesBuildPhase;
			buildActionMask = 2147483647;
			files = (
				03F0143A1F0D49C30091332B /* LaunchScreen.storyboard in Resources */,
				03F014371F0D49C30091332B /* Assets.xcassets in Resources */,
				03F014351F0D49C30091332B /* Main.storyboard in Resources */,
			);
			runOnlyForDeploymentPostprocessing = 0;
		};
		03F0143E1F0D49C40091332B /* Resources */ = {
			isa = PBXResourcesBuildPhase;
			buildActionMask = 2147483647;
			files = (
			);
			runOnlyForDeploymentPostprocessing = 0;
		};
/* End PBXResourcesBuildPhase section */

/* Begin PBXShellScriptBuildPhase section */
		037BF70D90E2E98E002E7611 /* [CP] Copy Pods Resources */ = {
			isa = PBXShellScriptBuildPhase;
			buildActionMask = 2147483647;
			files = (
			);
			inputPaths = (
			);
			name = "[CP] Copy Pods Resources";
			outputPaths = (
			);
			runOnlyForDeploymentPostprocessing = 0;
			shellPath = /bin/sh;
			shellScript = "\"${SRCROOT}/Pods/Target Support Files/Pods-Treinus/Pods-Treinus-resources.sh\"\n";
			showEnvVarsInLog = 0;
		};
		057C119284DCD5F845135F4F /* [CP] Embed Pods Frameworks */ = {
			isa = PBXShellScriptBuildPhase;
			buildActionMask = 2147483647;
			files = (
			);
			inputPaths = (
			);
			name = "[CP] Embed Pods Frameworks";
			outputPaths = (
			);
			runOnlyForDeploymentPostprocessing = 0;
			shellPath = /bin/sh;
			shellScript = "\"${SRCROOT}/Pods/Target Support Files/Pods-TreinusTests/Pods-TreinusTests-frameworks.sh\"\n";
			showEnvVarsInLog = 0;
		};
		8ADB321A328E2360AC8E1514 /* [CP] Embed Pods Frameworks */ = {
			isa = PBXShellScriptBuildPhase;
			buildActionMask = 2147483647;
			files = (
			);
			inputPaths = (
			);
			name = "[CP] Embed Pods Frameworks";
			outputPaths = (
			);
			runOnlyForDeploymentPostprocessing = 0;
			shellPath = /bin/sh;
			shellScript = "\"${SRCROOT}/Pods/Target Support Files/Pods-Treinus/Pods-Treinus-frameworks.sh\"\n";
			showEnvVarsInLog = 0;
		};
		A904181C67DB3E153813CE6E /* [CP] Check Pods Manifest.lock */ = {
			isa = PBXShellScriptBuildPhase;
			buildActionMask = 2147483647;
			files = (
			);
			inputPaths = (
			);
			name = "[CP] Check Pods Manifest.lock";
			outputPaths = (
			);
			runOnlyForDeploymentPostprocessing = 0;
			shellPath = /bin/sh;
			shellScript = "diff \"${PODS_PODFILE_DIR_PATH}/Podfile.lock\" \"${PODS_ROOT}/Manifest.lock\" > /dev/null\nif [ $? != 0 ] ; then\n    # print error to STDERR\n    echo \"error: The sandbox is not in sync with the Podfile.lock. Run 'pod install' or update your CocoaPods installation.\" >&2\n    exit 1\nfi\n";
			showEnvVarsInLog = 0;
		};
		C21D3495BFEE821C02A13562 /* [CP] Check Pods Manifest.lock */ = {
			isa = PBXShellScriptBuildPhase;
			buildActionMask = 2147483647;
			files = (
			);
			inputPaths = (
			);
			name = "[CP] Check Pods Manifest.lock";
			outputPaths = (
			);
			runOnlyForDeploymentPostprocessing = 0;
			shellPath = /bin/sh;
			shellScript = "diff \"${PODS_PODFILE_DIR_PATH}/Podfile.lock\" \"${PODS_ROOT}/Manifest.lock\" > /dev/null\nif [ $? != 0 ] ; then\n    # print error to STDERR\n    echo \"error: The sandbox is not in sync with the Podfile.lock. Run 'pod install' or update your CocoaPods installation.\" >&2\n    exit 1\nfi\n";
			showEnvVarsInLog = 0;
		};
		C2F2B17A720FF3DFFE82C3BD /* [CP] Copy Pods Resources */ = {
			isa = PBXShellScriptBuildPhase;
			buildActionMask = 2147483647;
			files = (
			);
			inputPaths = (
			);
			name = "[CP] Copy Pods Resources";
			outputPaths = (
			);
			runOnlyForDeploymentPostprocessing = 0;
			shellPath = /bin/sh;
			shellScript = "\"${SRCROOT}/Pods/Target Support Files/Pods-TreinusTests/Pods-TreinusTests-resources.sh\"\n";
			showEnvVarsInLog = 0;
		};
/* End PBXShellScriptBuildPhase section */

/* Begin PBXSourcesBuildPhase section */
		03F014281F0D49C30091332B /* Sources */ = {
			isa = PBXSourcesBuildPhase;
			buildActionMask = 2147483647;
			files = (
				033FDB7D1F0D6B9600EEA7B0 /* PlacesAPI.swift in Sources */,
				03F014321F0D49C30091332B /* ViewController.swift in Sources */,
				03F014301F0D49C30091332B /* AppDelegate.swift in Sources */,
				033FDB891F0D6B9F00EEA7B0 /* Place.swift in Sources */,
				033FDB7A1F0D6B9600EEA7B0 /* AlamofireImplementations.swift in Sources */,
				033FDB861F0D6B9F00EEA7B0 /* Location.swift in Sources */,
				033FDB8A1F0D6B9F00EEA7B0 /* ResponseApiMaps.swift in Sources */,
				033FDB7B1F0D6B9600EEA7B0 /* APIHelper.swift in Sources */,
				033FDB851F0D6B9F00EEA7B0 /* Geometry.swift in Sources */,
				033FDB881F0D6B9F00EEA7B0 /* Photo.swift in Sources */,
				033FDB7C1F0D6B9600EEA7B0 /* APIs.swift in Sources */,
				033FDB711F0D4F3F00EEA7B0 /* Places.swift in Sources */,
				033FDB871F0D6B9F00EEA7B0 /* Models.swift in Sources */,
				033FDB8C1F0D6BB300EEA7B0 /* Extensions.swift in Sources */,
				033FDB8F1F0D854800EEA7B0 /* PlaceTableViewCell.swift in Sources */,
				033FDB921F0D871A00EEA7B0 /* MapViewController.swift in Sources */,
			);
			runOnlyForDeploymentPostprocessing = 0;
		};
		03F0143C1F0D49C40091332B /* Sources */ = {
			isa = PBXSourcesBuildPhase;
			buildActionMask = 2147483647;
			files = (
				033FDB731F0D500200EEA7B0 /* PlacesTests.swift in Sources */,
			);
			runOnlyForDeploymentPostprocessing = 0;
		};
/* End PBXSourcesBuildPhase section */

/* Begin PBXTargetDependency section */
		03F014421F0D49C40091332B /* PBXTargetDependency */ = {
			isa = PBXTargetDependency;
			target = 03F0142B1F0D49C30091332B /* Treinus */;
			targetProxy = 03F014411F0D49C40091332B /* PBXContainerItemProxy */;
		};
/* End PBXTargetDependency section */

/* Begin PBXVariantGroup section */
		03F014331F0D49C30091332B /* Main.storyboard */ = {
			isa = PBXVariantGroup;
			children = (
				03F014341F0D49C30091332B /* Base */,
			);
			name = Main.storyboard;
			sourceTree = "<group>";
		};
		03F014381F0D49C30091332B /* LaunchScreen.storyboard */ = {
			isa = PBXVariantGroup;
			children = (
				03F014391F0D49C30091332B /* Base */,
			);
			name = LaunchScreen.storyboard;
			sourceTree = "<group>";
		};
/* End PBXVariantGroup section */

/* Begin XCBuildConfiguration section */
		03F014521F0D49C40091332B /* Debug */ = {
			isa = XCBuildConfiguration;
			buildSettings = {
				ALWAYS_SEARCH_USER_PATHS = NO;
				CLANG_ANALYZER_NONNULL = YES;
				CLANG_ANALYZER_NUMBER_OBJECT_CONVERSION = YES_AGGRESSIVE;
				CLANG_CXX_LANGUAGE_STANDARD = "gnu++0x";
				CLANG_CXX_LIBRARY = "libc++";
				CLANG_ENABLE_MODULES = YES;
				CLANG_ENABLE_OBJC_ARC = YES;
				CLANG_WARN_BOOL_CONVERSION = YES;
				CLANG_WARN_CONSTANT_CONVERSION = YES;
				CLANG_WARN_DIRECT_OBJC_ISA_USAGE = YES_ERROR;
				CLANG_WARN_DOCUMENTATION_COMMENTS = YES;
				CLANG_WARN_EMPTY_BODY = YES;
				CLANG_WARN_ENUM_CONVERSION = YES;
				CLANG_WARN_INFINITE_RECURSION = YES;
				CLANG_WARN_INT_CONVERSION = YES;
				CLANG_WARN_OBJC_ROOT_CLASS = YES_ERROR;
				CLANG_WARN_SUSPICIOUS_MOVE = YES;
				CLANG_WARN_UNREACHABLE_CODE = YES;
				CLANG_WARN__DUPLICATE_METHOD_MATCH = YES;
				"CODE_SIGN_IDENTITY[sdk=iphoneos*]" = "iPhone Developer";
				COPY_PHASE_STRIP = NO;
				DEBUG_INFORMATION_FORMAT = dwarf;
				ENABLE_STRICT_OBJC_MSGSEND = YES;
				ENABLE_TESTABILITY = YES;
				GCC_C_LANGUAGE_STANDARD = gnu99;
				GCC_DYNAMIC_NO_PIC = NO;
				GCC_NO_COMMON_BLOCKS = YES;
				GCC_OPTIMIZATION_LEVEL = 0;
				GCC_PREPROCESSOR_DEFINITIONS = (
					"DEBUG=1",
					"$(inherited)",
				);
				GCC_WARN_64_TO_32_BIT_CONVERSION = YES;
				GCC_WARN_ABOUT_RETURN_TYPE = YES_ERROR;
				GCC_WARN_UNDECLARED_SELECTOR = YES;
				GCC_WARN_UNINITIALIZED_AUTOS = YES_AGGRESSIVE;
				GCC_WARN_UNUSED_FUNCTION = YES;
				GCC_WARN_UNUSED_VARIABLE = YES;
				IPHONEOS_DEPLOYMENT_TARGET = 10.3;
				MTL_ENABLE_DEBUG_INFO = YES;
				ONLY_ACTIVE_ARCH = YES;
				SDKROOT = iphoneos;
				SWIFT_ACTIVE_COMPILATION_CONDITIONS = DEBUG;
				SWIFT_OPTIMIZATION_LEVEL = "-Onone";
			};
			name = Debug;
		};
		03F014531F0D49C40091332B /* Release */ = {
			isa = XCBuildConfiguration;
			buildSettings = {
				ALWAYS_SEARCH_USER_PATHS = NO;
				CLANG_ANALYZER_NONNULL = YES;
				CLANG_ANALYZER_NUMBER_OBJECT_CONVERSION = YES_AGGRESSIVE;
				CLANG_CXX_LANGUAGE_STANDARD = "gnu++0x";
				CLANG_CXX_LIBRARY = "libc++";
				CLANG_ENABLE_MODULES = YES;
				CLANG_ENABLE_OBJC_ARC = YES;
				CLANG_WARN_BOOL_CONVERSION = YES;
				CLANG_WARN_CONSTANT_CONVERSION = YES;
				CLANG_WARN_DIRECT_OBJC_ISA_USAGE = YES_ERROR;
				CLANG_WARN_DOCUMENTATION_COMMENTS = YES;
				CLANG_WARN_EMPTY_BODY = YES;
				CLANG_WARN_ENUM_CONVERSION = YES;
				CLANG_WARN_INFINITE_RECURSION = YES;
				CLANG_WARN_INT_CONVERSION = YES;
				CLANG_WARN_OBJC_ROOT_CLASS = YES_ERROR;
				CLANG_WARN_SUSPICIOUS_MOVE = YES;
				CLANG_WARN_UNREACHABLE_CODE = YES;
				CLANG_WARN__DUPLICATE_METHOD_MATCH = YES;
				"CODE_SIGN_IDENTITY[sdk=iphoneos*]" = "iPhone Developer";
				COPY_PHASE_STRIP = NO;
				DEBUG_INFORMATION_FORMAT = "dwarf-with-dsym";
				ENABLE_NS_ASSERTIONS = NO;
				ENABLE_STRICT_OBJC_MSGSEND = YES;
				GCC_C_LANGUAGE_STANDARD = gnu99;
				GCC_NO_COMMON_BLOCKS = YES;
				GCC_WARN_64_TO_32_BIT_CONVERSION = YES;
				GCC_WARN_ABOUT_RETURN_TYPE = YES_ERROR;
				GCC_WARN_UNDECLARED_SELECTOR = YES;
				GCC_WARN_UNINITIALIZED_AUTOS = YES_AGGRESSIVE;
				GCC_WARN_UNUSED_FUNCTION = YES;
				GCC_WARN_UNUSED_VARIABLE = YES;
				IPHONEOS_DEPLOYMENT_TARGET = 10.3;
				MTL_ENABLE_DEBUG_INFO = NO;
				SDKROOT = iphoneos;
				SWIFT_OPTIMIZATION_LEVEL = "-Owholemodule";
				VALIDATE_PRODUCT = YES;
			};
			name = Release;
		};
		03F014551F0D49C40091332B /* Debug */ = {
			isa = XCBuildConfiguration;
			baseConfigurationReference = 86D5C1A22E9D168A5F2344D4 /* Pods-Treinus.debug.xcconfig */;
			buildSettings = {
				ASSETCATALOG_COMPILER_APPICON_NAME = AppIcon;
				DEVELOPMENT_TEAM = 2Z469Q4BRB;
				INFOPLIST_FILE = Treinus/Info.plist;
				LD_RUNPATH_SEARCH_PATHS = "$(inherited) @executable_path/Frameworks";
				PRODUCT_BUNDLE_IDENTIFIER = br.com.Treinus;
				PRODUCT_NAME = "$(TARGET_NAME)";
				SWIFT_VERSION = 3.0;
			};
			name = Debug;
		};
		03F014561F0D49C40091332B /* Release */ = {
			isa = XCBuildConfiguration;
			baseConfigurationReference = 949B874832FD969C20661A8B /* Pods-Treinus.release.xcconfig */;
			buildSettings = {
				ASSETCATALOG_COMPILER_APPICON_NAME = AppIcon;
				DEVELOPMENT_TEAM = 2Z469Q4BRB;
				INFOPLIST_FILE = Treinus/Info.plist;
				LD_RUNPATH_SEARCH_PATHS = "$(inherited) @executable_path/Frameworks";
				PRODUCT_BUNDLE_IDENTIFIER = br.com.Treinus;
				PRODUCT_NAME = "$(TARGET_NAME)";
				SWIFT_VERSION = 3.0;
			};
			name = Release;
		};
		03F014581F0D49C40091332B /* Debug */ = {
			isa = XCBuildConfiguration;
			baseConfigurationReference = 27EEBD17FD347219CCD6D67B /* Pods-TreinusTests.debug.xcconfig */;
			buildSettings = {
				ALWAYS_EMBED_SWIFT_STANDARD_LIBRARIES = YES;
				BUNDLE_LOADER = "$(TEST_HOST)";
				DEVELOPMENT_TEAM = 2Z469Q4BRB;
				INFOPLIST_FILE = TreinusTests/Info.plist;
				LD_RUNPATH_SEARCH_PATHS = "$(inherited) @executable_path/Frameworks @loader_path/Frameworks";
				PRODUCT_BUNDLE_IDENTIFIER = br.com.TreinusTests;
				PRODUCT_NAME = "$(TARGET_NAME)";
				SWIFT_VERSION = 3.0;
				TEST_HOST = "$(BUILT_PRODUCTS_DIR)/Treinus.app/Treinus";
			};
			name = Debug;
		};
		03F014591F0D49C40091332B /* Release */ = {
			isa = XCBuildConfiguration;
			baseConfigurationReference = 40C4DD6FB7083089021D1AAF /* Pods-TreinusTests.release.xcconfig */;
			buildSettings = {
				ALWAYS_EMBED_SWIFT_STANDARD_LIBRARIES = YES;
				BUNDLE_LOADER = "$(TEST_HOST)";
				DEVELOPMENT_TEAM = 2Z469Q4BRB;
				INFOPLIST_FILE = TreinusTests/Info.plist;
				LD_RUNPATH_SEARCH_PATHS = "$(inherited) @executable_path/Frameworks @loader_path/Frameworks";
				PRODUCT_BUNDLE_IDENTIFIER = br.com.TreinusTests;
				PRODUCT_NAME = "$(TARGET_NAME)";
				SWIFT_VERSION = 3.0;
				TEST_HOST = "$(BUILT_PRODUCTS_DIR)/Treinus.app/Treinus";
			};
			name = Release;
		};
/* End XCBuildConfiguration section */

/* Begin XCConfigurationList section */
		03F014271F0D49C30091332B /* Build configuration list for PBXProject "Treinus" */ = {
			isa = XCConfigurationList;
			buildConfigurations = (
				03F014521F0D49C40091332B /* Debug */,
				03F014531F0D49C40091332B /* Release */,
			);
			defaultConfigurationIsVisible = 0;
			defaultConfigurationName = Release;
		};
		03F014541F0D49C40091332B /* Build configuration list for PBXNativeTarget "Treinus" */ = {
			isa = XCConfigurationList;
			buildConfigurations = (
				03F014551F0D49C40091332B /* Debug */,
				03F014561F0D49C40091332B /* Release */,
			);
			defaultConfigurationIsVisible = 0;
			defaultConfigurationName = Release;
		};
		03F014571F0D49C40091332B /* Build configuration list for PBXNativeTarget "TreinusTests" */ = {
			isa = XCConfigurationList;
			buildConfigurations = (
				03F014581F0D49C40091332B /* Debug */,
				03F014591F0D49C40091332B /* Release */,
			);
			defaultConfigurationIsVisible = 0;
			defaultConfigurationName = Release;
		};
/* End XCConfigurationList section */
	};
	rootObject = 03F014241F0D49C30091332B /* Project object */;
}
